
Microsoft Visual Studio Solution File, Format Version 12.00
# Visual Studio Version 17
VisualStudioVersion = 17.0.31903.59
MinimumVisualStudioVersion = 10.0.40219.1
Project("{9A19103F-16F7-4668-BE54-9A1E7A4F7556}") = "Bluefish.Blazor", "Bluefish.Blazor\Bluefish.Blazor.csproj", "{FFFC404E-1B05-45C8-AC47-6A1A220417D9}"
EndProject
Project("{9A19103F-16F7-4668-BE54-9A1E7A4F7556}") = "Bluefish.Blazor.Demo", "Bluefish.Blazor.Demo\Bluefish.Blazor.Demo.csproj", "{9F1D1996-D98C-46A5-B066-4E3142FE6F2B}"
EndProject
Project("{2150E333-8FDC-42A3-9474-1A3956D46DE8}") = "Solution Items", "Solution Items", "{A278833E-E35D-4579-BB23-16DEA1DCC986}"
	ProjectSection(SolutionItems) = preProject
		.gitignore = .gitignore
		LICENSE.txt = LICENSE.txt
		publish.ps1 = publish.ps1
		version.json = version.json
	EndProjectSection
EndProject
Global
	GlobalSection(SolutionConfigurationPlatforms) = preSolution
		Debug|Any CPU = Debug|Any CPU
		Release|Any CPU = Release|Any CPU
	EndGlobalSection
	GlobalSection(ProjectConfigurationPlatforms) = postSolution
		{FFFC404E-1B05-45C8-AC47-6A1A220417D9}.Debug|Any CPU.ActiveCfg = Debug|Any CPU
		{FFFC404E-1B05-45C8-AC47-6A1A220417D9}.Debug|Any CPU.Build.0 = Debug|Any CPU
		{FFFC404E-1B05-45C8-AC47-6A1A220417D9}.Release|Any CPU.ActiveCfg = Release|Any CPU
		{FFFC404E-1B05-45C8-AC47-6A1A220417D9}.Release|Any CPU.Build.0 = Release|Any CPU
		{9F1D1996-D98C-46A5-B066-4E3142FE6F2B}.Debug|Any CPU.ActiveCfg = Debug|Any CPU
		{9F1D1996-D98C-46A5-B066-4E3142FE6F2B}.Debug|Any CPU.Build.0 = Debug|Any CPU
		{9F1D1996-D98C-46A5-B066-4E3142FE6F2B}.Release|Any CPU.ActiveCfg = Release|Any CPU
		{9F1D1996-D98C-46A5-B066-4E3142FE6F2B}.Release|Any CPU.Build.0 = Release|Any CPU
	EndGlobalSection
	GlobalSection(SolutionProperties) = preSolution
		HideSolutionNode = FALSE
	EndGlobalSection
	GlobalSection(ExtensibilityGlobals) = postSolution
		SolutionGuid = {B0807D59-B258-484A-BCDE-F28EE0D426A5}
	EndGlobalSection
EndGlobal
